// !$*UTF8*$!
{
	archiveVersion = 1;
	classes = {
	};
	objectVersion = 51;
	objects = {

/* Begin PBXBuildFile section */
		070237CE4E1FED26DCDEE9CA0CE71046 /* BoletoTests.swift in Sources */ = {isa = PBXBuildFile; fileRef = F902B41EA4615D8F8E7DA3674179057D /* BoletoTests.swift */; };
		073E779F08E0843F50BAEE4C /* Pods_Boleto.framework in Frameworks */ = {isa = PBXBuildFile; fileRef = 52D4C519F79560FC4E8E9925 /* Pods_Boleto.framework */; };
		079E2665B732B2FC267D89F7 /* Pods_BoletoUITests.framework in Frameworks */ = {isa = PBXBuildFile; fileRef = 2961180D1FB72CA9998CE67D /* Pods_BoletoUITests.framework */; };
		0B63869C6DC11D06659A7E8B416E20FE /* SchedulesViewModel.swift in Sources */ = {isa = PBXBuildFile; fileRef = AE969CFA47F6E8FD3AD7A6F81543A7C6 /* SchedulesViewModel.swift */; };
		0CDA74145844DA032DC5E1FA345522ED /* GoogleService-Info-Dev.plist in Resources */ = {isa = PBXBuildFile; fileRef = 10E814FABCC5F3F7F4B2AC56A328E2A3 /* GoogleService-Info-Dev.plist */; };
		0ECD099437325B12D9524AB7EDF16B03 /* Montserrat-Italic.otf in Resources */ = {isa = PBXBuildFile; fileRef = 7FF39C5F60B27E44AD4C973D09DC57F2 /* Montserrat-Italic.otf */; };
		0F15DBE3136DF80C8CD30793975870CF /* UIImage+.swift in Sources */ = {isa = PBXBuildFile; fileRef = 4488A95D25F78E2EFDEA9838FF106B1E /* UIImage+.swift */; };
		134F36D02E18E42B56C0778E73FB4319 /* MyriadPro-Bold.otf in Resources */ = {isa = PBXBuildFile; fileRef = 9E102B4354BEFCA839A1B5A96F69D6D1 /* MyriadPro-Bold.otf */; };
		18D1E1E603A360E393BD9F67164EDB95 /* CountryCodes.swift in Sources */ = {isa = PBXBuildFile; fileRef = E4AF3520E60266E475E106FCE256CFF6 /* CountryCodes.swift */; };
		1F5C431EE2284BAB22EE7025EEBDB131 /* SourceSansPro-Semibold.otf in Resources */ = {isa = PBXBuildFile; fileRef = DE4EC6625C70E171175852A8AA5C71D4 /* SourceSansPro-Semibold.otf */; };
		1FD2267B1EA0495D9D447139747E569D /* Montserrat-ExtraBoldItalic.otf in Resources */ = {isa = PBXBuildFile; fileRef = D620DE616555B886479B21B68676999E /* Montserrat-ExtraBoldItalic.otf */; };
		28264389F9FD42B37EBD8342AE6B9A6E /* AppDelegate.swift in Sources */ = {isa = PBXBuildFile; fileRef = A29241455089C88519EB01325F38D9C7 /* AppDelegate.swift */; };
		2A22403A21241EE3F3B73A3744409B9B /* CustomTextField+.swift in Sources */ = {isa = PBXBuildFile; fileRef = D34C8248FF285703CE99734B902DE454 /* CustomTextField+.swift */; };
		2B7F9E965B6C51105A7A20668D135BA5 /* HankenSans-Black.ttf in Resources */ = {isa = PBXBuildFile; fileRef = 0285D2C19D84457FD38C56EA39107A37 /* HankenSans-Black.ttf */; };
		2F557D115C6F1B89DFA0C13AC7342D6B /* SourceSansPro-Regular.otf in Resources */ = {isa = PBXBuildFile; fileRef = 0AA75D5C7AEECBBEFE64B58E2C44F10B /* SourceSansPro-Regular.otf */; };
		3D4E5E85EEFD053563F84AE2773541D2 /* PaymentViewModel.swift in Sources */ = {isa = PBXBuildFile; fileRef = AE6EA2FC966E77EEFA6E5F94BAEE7CF2 /* PaymentViewModel.swift */; };
		41C7557E52DE5ACE8950DCE1497C2F55 /* Montserrat-ExtraBold.otf in Resources */ = {isa = PBXBuildFile; fileRef = F04F91A06BB919B68160009F71477C96 /* Montserrat-ExtraBold.otf */; };
		4B413EEB9B5D96A570F0242B592A695A /* HankenSans-Regular.ttf in Resources */ = {isa = PBXBuildFile; fileRef = 1955C0AED3FC152C48E8A70F50A17C1A /* HankenSans-Regular.ttf */; };
		4E9F0AC8AC5DA0CDF0969924E8F1F246 /* Montserrat-Medium.otf in Resources */ = {isa = PBXBuildFile; fileRef = C3C78025403CFD9AF70354CDA8C60ED8 /* Montserrat-Medium.otf */; };
		507D1142C848DDEBAF2664CA47E817D3 /* Allura-Regular.otf in Resources */ = {isa = PBXBuildFile; fileRef = D28543DA584999886D9FB0C65798783E /* Allura-Regular.otf */; };
		50C3F8C6238CAD440019B509 /* success.json in Resources */ = {isa = PBXBuildFile; fileRef = 50C3F8C5238CAD440019B509 /* success.json */; };
		5173A0D2C48063120C9C636ED22976B1 /* SourceSansPro-ExtraLightIt.otf in Resources */ = {isa = PBXBuildFile; fileRef = 8D3A3F651ABCDEF23E75A9E1C92D7C47 /* SourceSansPro-ExtraLightIt.otf */; };
		536C643342D63A9B53E173BE9C195FB1 /* SourceSansPro-LightIt.otf in Resources */ = {isa = PBXBuildFile; fileRef = 60DB05A2ED4A0770AEEDE7375F110292 /* SourceSansPro-LightIt.otf */; };
		606E915DD325F63C89AC18004F58DE22 /* FCollectionReference.swift in Sources */ = {isa = PBXBuildFile; fileRef = BF51DB1DEF7C123E9F82A7AA90F2E6C6 /* FCollectionReference.swift */; };
		660B3DB70AFE6639FF64DB760B6D4975 /* FUser.swift in Sources */ = {isa = PBXBuildFile; fileRef = 2F7F6AB66DF95E7FD91B8947BC849C0D /* FUser.swift */; };
		6A2A87BA95D3A424CD3BC6B3C251A3FF /* ParaType - Futura PT Bold.otf in Resources */ = {isa = PBXBuildFile; fileRef = EBEFE2E98B07C34A819E37ADB8529454 /* ParaType - Futura PT Bold.otf */; };
		6AB78187DF7E792C3583314A4184F2F2 /* HankenSans-Light.ttf in Resources */ = {isa = PBXBuildFile; fileRef = 720B348490FD687E8112240B66AB82C3 /* HankenSans-Light.ttf */; };
		6D6FF2D48144D06E6789FAC5579A1F5D /* HankenSans-BoldItalic.ttf in Resources */ = {isa = PBXBuildFile; fileRef = 7C4B56032D95922470A1412AE8311B8B /* HankenSans-BoldItalic.ttf */; };
		6E3899F579CD2649CF43EDBD4E906B07 /* Montserrat-SemiBold.otf in Resources */ = {isa = PBXBuildFile; fileRef = 8B21FCCA5E4B01968CF8EE7D0FB837AC /* Montserrat-SemiBold.otf */; };
		6E6E8551196CCAA7178F7A0387CBD3A9 /* UIColor+.swift in Sources */ = {isa = PBXBuildFile; fileRef = DFA21B6B431BE773202561C10E7C48F8 /* UIColor+.swift */; };
		7100704F43A418523CBF3D1EF3BD0450 /* UIView+.swift in Sources */ = {isa = PBXBuildFile; fileRef = 9EE8FE96D9D1D15CCCDDEBB6C9B1A901 /* UIView+.swift */; };
		73AC18C97C28DA8600C40A866A7DA5DA /* Montserrat-Black.otf in Resources */ = {isa = PBXBuildFile; fileRef = B0FE93B994C46553BEA486A330F681ED /* Montserrat-Black.otf */; };
		74B8E9AE48B5B7C3FF9F444D83206FE6 /* SignIn.storyboard in Resources */ = {isa = PBXBuildFile; fileRef = 7A5C3CE6E7857DC3D11F42913E258EF6 /* SignIn.storyboard */; };
		7615EB82B7C8C30079DC3C9DF9A0E25C /* SourceSansPro-ExtraLight.otf in Resources */ = {isa = PBXBuildFile; fileRef = 56BDABC97D24784D793437DB846F4A31 /* SourceSansPro-ExtraLight.otf */; };
		7A7D22A59CD3FC3FB585C6ADE0552C3D /* SourceSansPro-SemiboldIt.otf in Resources */ = {isa = PBXBuildFile; fileRef = 8073B58B86B1D4F3A08D292367BC7783 /* SourceSansPro-SemiboldIt.otf */; };
		7FFF29F0F04E6695DB0741045D1862B3 /* SourceSansVariable-Roman.otf in Resources */ = {isa = PBXBuildFile; fileRef = 77A6CBEECF9500535606562C1A38F0A7 /* SourceSansVariable-Roman.otf */; };
		84C31E0EA3AAECDA8E99E74320251AE9 /* ScheduleTableViewCell.xib in Resources */ = {isa = PBXBuildFile; fileRef = 6F8EA72B8220795AEF286BB952A05712 /* ScheduleTableViewCell.xib */; };
		857C0C3DA20768E9853CAD131E4F05FD /* Montserrat-SemiBoldItalic.otf in Resources */ = {isa = PBXBuildFile; fileRef = 339BEEB0C9B5CC1BFB67EA01381BCA58 /* Montserrat-SemiBoldItalic.otf */; };
		862B1222AEAAB80F7D1C976454AC8837 /* HankenSans-LightItalic.ttf in Resources */ = {isa = PBXBuildFile; fileRef = 63336F9EC9B692C567FA7B5AA37A3CF2 /* HankenSans-LightItalic.ttf */; };
		863CCDC21D0A8DF50288CA822AD6A932 /* ScheduleContainer.swift in Sources */ = {isa = PBXBuildFile; fileRef = EDE70304504C1A72FD0C8682EC5CEE68 /* ScheduleContainer.swift */; };
		875266FB7D4CA6DE0DFDF46689120880 /* Constants.swift in Sources */ = {isa = PBXBuildFile; fileRef = C847A4830F2880FBFCFB33D57BB09786 /* Constants.swift */; };
		8893C8D86885DE2607AF27B7381E6FB6 /* UIFonts.swift in Sources */ = {isa = PBXBuildFile; fileRef = D7C2F360EA9558A06563ED5074A3EC71 /* UIFonts.swift */; };
		895D4A5C8C65FE527E3B820E97A2FF58 /* ProgressButton.swift in Sources */ = {isa = PBXBuildFile; fileRef = E357942A33F8942FE0063738B0183C35 /* ProgressButton.swift */; };
		8977B503E4830824D6A7F55F1C96770A /* Schedule.swift in Sources */ = {isa = PBXBuildFile; fileRef = 0C387E2165838157847323C6B3CF05C6 /* Schedule.swift */; };
		8ECC2E6EAAA4338BB628FCA144C36F6E /* Montserrat-Regular.otf in Resources */ = {isa = PBXBuildFile; fileRef = 18BC9FD98B4213C3C8678309B70C74C4 /* Montserrat-Regular.otf */; };
		91FEC3FCAEAAE606E9B8FD5B007A7F39 /* SignInViewController.swift in Sources */ = {isa = PBXBuildFile; fileRef = 0F0FCB9797E039CF8F36FB9A90D28728 /* SignInViewController.swift */; };
		94A2E630D908DFD860E98C729DA7B453 /* SourceSansPro-Black.otf in Resources */ = {isa = PBXBuildFile; fileRef = D8CD96E78BCCB78E96D482489484BB19 /* SourceSansPro-Black.otf */; };
		9773CD46C6B9FF1C08333CAABBF63DB3 /* Schedules.storyboard in Resources */ = {isa = PBXBuildFile; fileRef = 4F3F4B708C779BB69509A445A789D3F7 /* Schedules.storyboard */; };
		98C0F224194944E8EBE76E94D8DB656B /* BoletoUITests.swift in Sources */ = {isa = PBXBuildFile; fileRef = FA08C556A8D391BB8B066FE66E8C7FB9 /* BoletoUITests.swift */; };
		9992BD3ABC863B9B7B9102B640FF032A /* Montserrat-MediumItalic.otf in Resources */ = {isa = PBXBuildFile; fileRef = 18D2B8931B92AE504AFBB424A0D86E84 /* Montserrat-MediumItalic.otf */; };
		9A3EC38570CB4D3007C036D8DEBAA909 /* Montserrat-BoldItalic.otf in Resources */ = {isa = PBXBuildFile; fileRef = 8379A26F20880FE7540C993F3D46A1C0 /* Montserrat-BoldItalic.otf */; };
		9A8D8172A790E0F560D38D3397E0B86C /* Montserrat-LightItalic.otf in Resources */ = {isa = PBXBuildFile; fileRef = 2AB6D2579C94614206B179F790A60B6B /* Montserrat-LightItalic.otf */; };
		9E5374C88129B2228E72152C6AD6F872 /* LaunchScreen.storyboard in Resources */ = {isa = PBXBuildFile; fileRef = 4CB7E1CAD4056D1C085B7548CCB2A4DB /* LaunchScreen.storyboard */; };
		9FC6E83C6C1D2396EDAC65BE843DC471 /* SchedulesViewController.swift in Sources */ = {isa = PBXBuildFile; fileRef = B782BE526FB84465F94AEBF106269BE5 /* SchedulesViewController.swift */; };
		A1B028B5F2AF7DFC4EC19E519E880267 /* ScheduleTripViewModel.swift in Sources */ = {isa = PBXBuildFile; fileRef = 3008F733201DB58FFA15F6D2D48EAABE /* ScheduleTripViewModel.swift */; };
		A28AAC39ED03EC211D08105495735C08 /* HankenSans-Italic.ttf in Resources */ = {isa = PBXBuildFile; fileRef = 90BC6E0689B75B3FC1E44569A2FFE8CB /* HankenSans-Italic.ttf */; };
		A6C85C50B7FA5C2958B2B89CCD9A731F /* Assets.xcassets in Resources */ = {isa = PBXBuildFile; fileRef = C31533869E46A527CD751D201F79C255 /* Assets.xcassets */; };
		A82F10F271C19CD27A60188FF1B43714 /* TextField+.swift in Sources */ = {isa = PBXBuildFile; fileRef = CC69675C6BE2E6E0EEDE4BBAAD6A1A61 /* TextField+.swift */; };
		AB236E4E3643B6EAFBAA8D67120BCBD2 /* HankenSans-MediumItalic.ttf in Resources */ = {isa = PBXBuildFile; fileRef = E7177CAD86E0D6D207AD5BA00374C9E3 /* HankenSans-MediumItalic.ttf */; };
		ACF4E3AFB8717E332E6BBCB3B72652E1 /* Montserrat-Bold.otf in Resources */ = {isa = PBXBuildFile; fileRef = D2AEB6310ADE1CE32B7FB112A1417D8A /* Montserrat-Bold.otf */; };
		AE59FB2AD541617C70384B893782D2C4 /* SourceSansPro-Bold.otf in Resources */ = {isa = PBXBuildFile; fileRef = DEC812D3E8914E6AA9C60ED5A9A89308 /* SourceSansPro-Bold.otf */; };
		AEBCC42FD31B9150950E2584962FE480 /* Montserrat-Light.otf in Resources */ = {isa = PBXBuildFile; fileRef = 106530EA9CF0067DF29BDDD21186FD72 /* Montserrat-Light.otf */; };
		AFE0CBC50C2A570C02928786F1C43781 /* PasswordStrength.swift in Sources */ = {isa = PBXBuildFile; fileRef = 21EBCDC5D1C9C87FA06C962DEEE37154 /* PasswordStrength.swift */; };
		B503ECFF11E357944155DA90 /* Pods_BoletoTests.framework in Frameworks */ = {isa = PBXBuildFile; fileRef = 97ABFDE2DF7363E9A1954B7C /* Pods_BoletoTests.framework */; };
		B5BF251BBB5CC24A2E068E4B59D166C4 /* BoletoClient.swift in Sources */ = {isa = PBXBuildFile; fileRef = E19BC3A14EDBAE24E27C0D75FD2B0D81 /* BoletoClient.swift */; };
		B67E3C4D822DC008019E725363E9E252 /* BaseViewModel.swift in Sources */ = {isa = PBXBuildFile; fileRef = 59737DAF2534B3C01D57525392FB5691 /* BaseViewModel.swift */; };
		B7521FADF01EC3911C0F378C1EB5D46F /* ScheduleTripViewController.swift in Sources */ = {isa = PBXBuildFile; fileRef = 1B662B319C10FA148DADA277EA3E01C4 /* ScheduleTripViewController.swift */; };
		B7D4894423140BC7C669C0448464CECD /* HankenSans-ExtraBoldItalic.ttf in Resources */ = {isa = PBXBuildFile; fileRef = D1A061DF118A0FA085BE513B9FA55938 /* HankenSans-ExtraBoldItalic.ttf */; };
		C04B2A365B93E92BAFCB7355A4C3E26A /* MyriadPro-Regular.otf in Resources */ = {isa = PBXBuildFile; fileRef = B2CE16D67F6478EB55D68B8A4BCB2DB0 /* MyriadPro-Regular.otf */; };
		C321277980D278BD9567097F3B92DB70 /* Montserrat-BlackItalic.otf in Resources */ = {isa = PBXBuildFile; fileRef = 1537BAB62D6AA5068C8BD8F66B03E2D0 /* Montserrat-BlackItalic.otf */; };
		C7E93D3B4E821B2F46AB7FC5273C00F3 /* Montserrat-Thin.otf in Resources */ = {isa = PBXBuildFile; fileRef = C03CD85587DC43B38921DB8EFE86A4A5 /* Montserrat-Thin.otf */; };
		CEF4719A75C2C4AA1373A174440E205A /* SuccessViewController.swift in Sources */ = {isa = PBXBuildFile; fileRef = 60E859967B17250550D7E8893878B447 /* SuccessViewController.swift */; };
		CFAA847FBE4F6350DA588523D63658B2 /* Montserrat-ExtraLightItalic.otf in Resources */ = {isa = PBXBuildFile; fileRef = 778962137B6BA889E2F10F716AA34820 /* Montserrat-ExtraLightItalic.otf */; };
		D039B4E646E48A482527B7AAB605F164 /* SourceSansPro-It.otf in Resources */ = {isa = PBXBuildFile; fileRef = 8490449EA5DBA13EE3179496A32D6EAF /* SourceSansPro-It.otf */; };
		D12740E1331006654FDFBC883B35BF59 /* GoogleService-Info.plist in Resources */ = {isa = PBXBuildFile; fileRef = 08FA354DF7C22111363ABDF4D6D4F986 /* GoogleService-Info.plist */; };
		D7EB5AB9A8A91B641FEDDC93EB24FB05 /* HankenSans-ExtraBold.ttf in Resources */ = {isa = PBXBuildFile; fileRef = 970FC1A599BDD9C3681FAB893C3737D2 /* HankenSans-ExtraBold.ttf */; };
		D89CCD864FED8910107D58FD4D120534 /* SourceSansPro-BoldIt.otf in Resources */ = {isa = PBXBuildFile; fileRef = 62E5CA09C17B660E04538C510DF316E8 /* SourceSansPro-BoldIt.otf */; };
		DA0043F39C243637145878298B030F46 /* HankenSans-Bold.ttf in Resources */ = {isa = PBXBuildFile; fileRef = 0A23E40015A3BCCB500ED16FB65BFAAE /* HankenSans-Bold.ttf */; };
		DFF04DC109BA6C2A46B38E3AE74FA936 /* Montserrat-ExtraLight.otf in Resources */ = {isa = PBXBuildFile; fileRef = 833F26588ACE2D26FE0309B5EC9DAB7D /* Montserrat-ExtraLight.otf */; };
		E527C7DA454EB64CD710E71F9470631E /* SourceSansPro-BlackIt.otf in Resources */ = {isa = PBXBuildFile; fileRef = C9C965B2219F588116F282F97EC83C8F /* SourceSansPro-BlackIt.otf */; };
		E6D066022F495B1954C12BF1C94F6089 /* ScheduleTableViewCell.swift in Sources */ = {isa = PBXBuildFile; fileRef = E40EB638014E430D3E8B62CA084E6AC9 /* ScheduleTableViewCell.swift */; };
		F0F5F76149E3DFCF3FE1CB3FD62A3749 /* SourceSansPro-Light.otf in Resources */ = {isa = PBXBuildFile; fileRef = 8FFDC347FAD08E3BFE834104DEA179AA /* SourceSansPro-Light.otf */; };
		F2F4BDA68432BE2972AC64F5439131F8 /* HankenSans-Medium.ttf in Resources */ = {isa = PBXBuildFile; fileRef = 11F6EBD7A3ACDC4569DD97C0E90306EE /* HankenSans-Medium.ttf */; };
		F5F9E52BAB07097A7C513AD4FAE5B16D /* UIViewController+.swift in Sources */ = {isa = PBXBuildFile; fileRef = 4D7CF1D32EA6A420EE3EE60BD6343577 /* UIViewController+.swift */; };
		FBC173A24D2DBF14070EF1DB31FFA01A /* PaymentOnboardingViewController.swift in Sources */ = {isa = PBXBuildFile; fileRef = DBEFA321B582721D0372B27963F3EBEF /* PaymentOnboardingViewController.swift */; };
/* End PBXBuildFile section */

/* Begin PBXContainerItemProxy section */
		54EDA1ACDDAFFB123EF1312EC5742066 /* PBXContainerItemProxy */ = {
			isa = PBXContainerItemProxy;
			containerPortal = E45CB04D4A14BF5BCABCBB4955C8F9E5 /* Project object */;
			proxyType = 1;
			remoteGlobalIDString = 07071C5BEF5E1F8A2A7436ED17C6615E;
			remoteInfo = Boleto;
		};
		D7EFF21F456B78B0F3CAE6B2569350D6 /* PBXContainerItemProxy */ = {
			isa = PBXContainerItemProxy;
			containerPortal = E45CB04D4A14BF5BCABCBB4955C8F9E5 /* Project object */;
			proxyType = 1;
			remoteGlobalIDString = 07071C5BEF5E1F8A2A7436ED17C6615E;
			remoteInfo = Boleto;
		};
/* End PBXContainerItemProxy section */

/* Begin PBXFileReference section */
		0285D2C19D84457FD38C56EA39107A37 /* HankenSans-Black.ttf */ = {isa = PBXFileReference; lastKnownFileType = file; path = "HankenSans-Black.ttf"; sourceTree = "<group>"; };
		033EABA9DDB203B2437F9C9D0386D797 /* Info.plist */ = {isa = PBXFileReference; lastKnownFileType = text.plist.xml; path = Info.plist; sourceTree = "<group>"; };
		08FA354DF7C22111363ABDF4D6D4F986 /* GoogleService-Info.plist */ = {isa = PBXFileReference; fileEncoding = 4; lastKnownFileType = text.plist.xml; path = "GoogleService-Info.plist"; sourceTree = "<group>"; };
		0A23E40015A3BCCB500ED16FB65BFAAE /* HankenSans-Bold.ttf */ = {isa = PBXFileReference; lastKnownFileType = file; path = "HankenSans-Bold.ttf"; sourceTree = "<group>"; };
		0AA75D5C7AEECBBEFE64B58E2C44F10B /* SourceSansPro-Regular.otf */ = {isa = PBXFileReference; lastKnownFileType = file; path = "SourceSansPro-Regular.otf"; sourceTree = "<group>"; };
		0C387E2165838157847323C6B3CF05C6 /* Schedule.swift */ = {isa = PBXFileReference; lastKnownFileType = sourcecode.swift; path = Schedule.swift; sourceTree = "<group>"; };
		0F0FCB9797E039CF8F36FB9A90D28728 /* SignInViewController.swift */ = {isa = PBXFileReference; fileEncoding = 4; lastKnownFileType = sourcecode.swift; path = SignInViewController.swift; sourceTree = "<group>"; };
		106530EA9CF0067DF29BDDD21186FD72 /* Montserrat-Light.otf */ = {isa = PBXFileReference; lastKnownFileType = file; path = "Montserrat-Light.otf"; sourceTree = "<group>"; };
		10E814FABCC5F3F7F4B2AC56A328E2A3 /* GoogleService-Info-Dev.plist */ = {isa = PBXFileReference; fileEncoding = 4; lastKnownFileType = text.plist.xml; path = "GoogleService-Info-Dev.plist"; sourceTree = "<group>"; };
		11F6EBD7A3ACDC4569DD97C0E90306EE /* HankenSans-Medium.ttf */ = {isa = PBXFileReference; lastKnownFileType = file; path = "HankenSans-Medium.ttf"; sourceTree = "<group>"; };
		1537BAB62D6AA5068C8BD8F66B03E2D0 /* Montserrat-BlackItalic.otf */ = {isa = PBXFileReference; lastKnownFileType = file; path = "Montserrat-BlackItalic.otf"; sourceTree = "<group>"; };
		18280CE0ED8A1B3FB66AFA9EFFE9E4E1 /* Info.plist */ = {isa = PBXFileReference; lastKnownFileType = text.plist.xml; path = Info.plist; sourceTree = "<group>"; };
		18BC9FD98B4213C3C8678309B70C74C4 /* Montserrat-Regular.otf */ = {isa = PBXFileReference; lastKnownFileType = file; path = "Montserrat-Regular.otf"; sourceTree = "<group>"; };
		18D2B8931B92AE504AFBB424A0D86E84 /* Montserrat-MediumItalic.otf */ = {isa = PBXFileReference; lastKnownFileType = file; path = "Montserrat-MediumItalic.otf"; sourceTree = "<group>"; };
		1955C0AED3FC152C48E8A70F50A17C1A /* HankenSans-Regular.ttf */ = {isa = PBXFileReference; lastKnownFileType = file; path = "HankenSans-Regular.ttf"; sourceTree = "<group>"; };
		1B662B319C10FA148DADA277EA3E01C4 /* ScheduleTripViewController.swift */ = {isa = PBXFileReference; fileEncoding = 4; lastKnownFileType = sourcecode.swift; path = ScheduleTripViewController.swift; sourceTree = "<group>"; };
		21EBCDC5D1C9C87FA06C962DEEE37154 /* PasswordStrength.swift */ = {isa = PBXFileReference; fileEncoding = 4; lastKnownFileType = sourcecode.swift; path = PasswordStrength.swift; sourceTree = "<group>"; };
		2961180D1FB72CA9998CE67D /* Pods_BoletoUITests.framework */ = {isa = PBXFileReference; explicitFileType = wrapper.framework; includeInIndex = 0; path = Pods_BoletoUITests.framework; sourceTree = BUILT_PRODUCTS_DIR; };
		2AB6D2579C94614206B179F790A60B6B /* Montserrat-LightItalic.otf */ = {isa = PBXFileReference; lastKnownFileType = file; path = "Montserrat-LightItalic.otf"; sourceTree = "<group>"; };
		2B178446FD738F0713120DA78E10B7A4 /* BoletoUITests.xctest */ = {isa = PBXFileReference; explicitFileType = wrapper.cfbundle; includeInIndex = 0; path = BoletoUITests.xctest; sourceTree = BUILT_PRODUCTS_DIR; };
		2F7F6AB66DF95E7FD91B8947BC849C0D /* FUser.swift */ = {isa = PBXFileReference; fileEncoding = 4; lastKnownFileType = sourcecode.swift; path = FUser.swift; sourceTree = "<group>"; };
		3008F733201DB58FFA15F6D2D48EAABE /* ScheduleTripViewModel.swift */ = {isa = PBXFileReference; lastKnownFileType = sourcecode.swift; path = ScheduleTripViewModel.swift; sourceTree = "<group>"; };
		339BEEB0C9B5CC1BFB67EA01381BCA58 /* Montserrat-SemiBoldItalic.otf */ = {isa = PBXFileReference; lastKnownFileType = file; path = "Montserrat-SemiBoldItalic.otf"; sourceTree = "<group>"; };
		4488A95D25F78E2EFDEA9838FF106B1E /* UIImage+.swift */ = {isa = PBXFileReference; fileEncoding = 4; lastKnownFileType = sourcecode.swift; path = "UIImage+.swift"; sourceTree = "<group>"; };
		4AE94967F11656A12DED8FF1 /* Pods-Boleto.debug.xcconfig */ = {isa = PBXFileReference; includeInIndex = 1; lastKnownFileType = text.xcconfig; name = "Pods-Boleto.debug.xcconfig"; path = "Target Support Files/Pods-Boleto/Pods-Boleto.debug.xcconfig"; sourceTree = "<group>"; };
		4D7CF1D32EA6A420EE3EE60BD6343577 /* UIViewController+.swift */ = {isa = PBXFileReference; fileEncoding = 4; lastKnownFileType = sourcecode.swift; path = "UIViewController+.swift"; sourceTree = "<group>"; };
		4F3F4B708C779BB69509A445A789D3F7 /* Schedules.storyboard */ = {isa = PBXFileReference; lastKnownFileType = file.storyboard; path = Schedules.storyboard; sourceTree = "<group>"; };
		50C3F8C5238CAD440019B509 /* success.json */ = {isa = PBXFileReference; lastKnownFileType = text.json; path = success.json; sourceTree = "<group>"; };
		52D4C519F79560FC4E8E9925 /* Pods_Boleto.framework */ = {isa = PBXFileReference; explicitFileType = wrapper.framework; includeInIndex = 0; path = Pods_Boleto.framework; sourceTree = BUILT_PRODUCTS_DIR; };
		56BDABC97D24784D793437DB846F4A31 /* SourceSansPro-ExtraLight.otf */ = {isa = PBXFileReference; lastKnownFileType = file; path = "SourceSansPro-ExtraLight.otf"; sourceTree = "<group>"; };
		59737DAF2534B3C01D57525392FB5691 /* BaseViewModel.swift */ = {isa = PBXFileReference; lastKnownFileType = sourcecode.swift; path = BaseViewModel.swift; sourceTree = "<group>"; };
		60DB05A2ED4A0770AEEDE7375F110292 /* SourceSansPro-LightIt.otf */ = {isa = PBXFileReference; lastKnownFileType = file; path = "SourceSansPro-LightIt.otf"; sourceTree = "<group>"; };
		60E859967B17250550D7E8893878B447 /* SuccessViewController.swift */ = {isa = PBXFileReference; lastKnownFileType = sourcecode.swift; path = SuccessViewController.swift; sourceTree = "<group>"; };
		62E5CA09C17B660E04538C510DF316E8 /* SourceSansPro-BoldIt.otf */ = {isa = PBXFileReference; lastKnownFileType = file; path = "SourceSansPro-BoldIt.otf"; sourceTree = "<group>"; };
		63336F9EC9B692C567FA7B5AA37A3CF2 /* HankenSans-LightItalic.ttf */ = {isa = PBXFileReference; lastKnownFileType = file; path = "HankenSans-LightItalic.ttf"; sourceTree = "<group>"; };
		6F8EA72B8220795AEF286BB952A05712 /* ScheduleTableViewCell.xib */ = {isa = PBXFileReference; lastKnownFileType = file.xib; path = ScheduleTableViewCell.xib; sourceTree = "<group>"; };
		720B348490FD687E8112240B66AB82C3 /* HankenSans-Light.ttf */ = {isa = PBXFileReference; lastKnownFileType = file; path = "HankenSans-Light.ttf"; sourceTree = "<group>"; };
		778962137B6BA889E2F10F716AA34820 /* Montserrat-ExtraLightItalic.otf */ = {isa = PBXFileReference; lastKnownFileType = file; path = "Montserrat-ExtraLightItalic.otf"; sourceTree = "<group>"; };
		77A6CBEECF9500535606562C1A38F0A7 /* SourceSansVariable-Roman.otf */ = {isa = PBXFileReference; lastKnownFileType = file; path = "SourceSansVariable-Roman.otf"; sourceTree = "<group>"; };
		7A5C3CE6E7857DC3D11F42913E258EF6 /* SignIn.storyboard */ = {isa = PBXFileReference; fileEncoding = 4; lastKnownFileType = file.storyboard; path = SignIn.storyboard; sourceTree = "<group>"; };
		7C4B56032D95922470A1412AE8311B8B /* HankenSans-BoldItalic.ttf */ = {isa = PBXFileReference; lastKnownFileType = file; path = "HankenSans-BoldItalic.ttf"; sourceTree = "<group>"; };
		7FF39C5F60B27E44AD4C973D09DC57F2 /* Montserrat-Italic.otf */ = {isa = PBXFileReference; lastKnownFileType = file; path = "Montserrat-Italic.otf"; sourceTree = "<group>"; };
		8073B58B86B1D4F3A08D292367BC7783 /* SourceSansPro-SemiboldIt.otf */ = {isa = PBXFileReference; lastKnownFileType = file; path = "SourceSansPro-SemiboldIt.otf"; sourceTree = "<group>"; };
		833F26588ACE2D26FE0309B5EC9DAB7D /* Montserrat-ExtraLight.otf */ = {isa = PBXFileReference; lastKnownFileType = file; path = "Montserrat-ExtraLight.otf"; sourceTree = "<group>"; };
		8379A26F20880FE7540C993F3D46A1C0 /* Montserrat-BoldItalic.otf */ = {isa = PBXFileReference; lastKnownFileType = file; path = "Montserrat-BoldItalic.otf"; sourceTree = "<group>"; };
		8490449EA5DBA13EE3179496A32D6EAF /* SourceSansPro-It.otf */ = {isa = PBXFileReference; lastKnownFileType = file; path = "SourceSansPro-It.otf"; sourceTree = "<group>"; };
		89979888FB5D0FA53CEC95FC /* Pods-BoletoUITests.debug.xcconfig */ = {isa = PBXFileReference; includeInIndex = 1; lastKnownFileType = text.xcconfig; name = "Pods-BoletoUITests.debug.xcconfig"; path = "Target Support Files/Pods-BoletoUITests/Pods-BoletoUITests.debug.xcconfig"; sourceTree = "<group>"; };
		8B21FCCA5E4B01968CF8EE7D0FB837AC /* Montserrat-SemiBold.otf */ = {isa = PBXFileReference; lastKnownFileType = file; path = "Montserrat-SemiBold.otf"; sourceTree = "<group>"; };
		8D3A3F651ABCDEF23E75A9E1C92D7C47 /* SourceSansPro-ExtraLightIt.otf */ = {isa = PBXFileReference; lastKnownFileType = file; path = "SourceSansPro-ExtraLightIt.otf"; sourceTree = "<group>"; };
		8FFDC347FAD08E3BFE834104DEA179AA /* SourceSansPro-Light.otf */ = {isa = PBXFileReference; lastKnownFileType = file; path = "SourceSansPro-Light.otf"; sourceTree = "<group>"; };
		90BC6E0689B75B3FC1E44569A2FFE8CB /* HankenSans-Italic.ttf */ = {isa = PBXFileReference; lastKnownFileType = file; path = "HankenSans-Italic.ttf"; sourceTree = "<group>"; };
		90E4A9ACD83098DA56671F2EE282CD25 /* BoletoTests.xctest */ = {isa = PBXFileReference; explicitFileType = wrapper.cfbundle; includeInIndex = 0; path = BoletoTests.xctest; sourceTree = BUILT_PRODUCTS_DIR; };
		970FC1A599BDD9C3681FAB893C3737D2 /* HankenSans-ExtraBold.ttf */ = {isa = PBXFileReference; lastKnownFileType = file; path = "HankenSans-ExtraBold.ttf"; sourceTree = "<group>"; };
		97ABFDE2DF7363E9A1954B7C /* Pods_BoletoTests.framework */ = {isa = PBXFileReference; explicitFileType = wrapper.framework; includeInIndex = 0; path = Pods_BoletoTests.framework; sourceTree = BUILT_PRODUCTS_DIR; };
		986E46D92B0B98815E6F44F8F661AC4F /* Info.plist */ = {isa = PBXFileReference; lastKnownFileType = text.plist.xml; path = Info.plist; sourceTree = "<group>"; };
		9E102B4354BEFCA839A1B5A96F69D6D1 /* MyriadPro-Bold.otf */ = {isa = PBXFileReference; lastKnownFileType = file; path = "MyriadPro-Bold.otf"; sourceTree = "<group>"; };
		9EE8FE96D9D1D15CCCDDEBB6C9B1A901 /* UIView+.swift */ = {isa = PBXFileReference; lastKnownFileType = sourcecode.swift; path = "UIView+.swift"; sourceTree = "<group>"; };
		A29241455089C88519EB01325F38D9C7 /* AppDelegate.swift */ = {isa = PBXFileReference; lastKnownFileType = sourcecode.swift; path = AppDelegate.swift; sourceTree = "<group>"; };
		AE6EA2FC966E77EEFA6E5F94BAEE7CF2 /* PaymentViewModel.swift */ = {isa = PBXFileReference; lastKnownFileType = sourcecode.swift; path = PaymentViewModel.swift; sourceTree = "<group>"; };
		AE969CFA47F6E8FD3AD7A6F81543A7C6 /* SchedulesViewModel.swift */ = {isa = PBXFileReference; lastKnownFileType = sourcecode.swift; path = SchedulesViewModel.swift; sourceTree = "<group>"; };
		B0FE93B994C46553BEA486A330F681ED /* Montserrat-Black.otf */ = {isa = PBXFileReference; lastKnownFileType = file; path = "Montserrat-Black.otf"; sourceTree = "<group>"; };
		B2CE16D67F6478EB55D68B8A4BCB2DB0 /* MyriadPro-Regular.otf */ = {isa = PBXFileReference; lastKnownFileType = file; path = "MyriadPro-Regular.otf"; sourceTree = "<group>"; };
		B782BE526FB84465F94AEBF106269BE5 /* SchedulesViewController.swift */ = {isa = PBXFileReference; lastKnownFileType = sourcecode.swift; path = SchedulesViewController.swift; sourceTree = "<group>"; };
		BF51DB1DEF7C123E9F82A7AA90F2E6C6 /* FCollectionReference.swift */ = {isa = PBXFileReference; fileEncoding = 4; lastKnownFileType = sourcecode.swift; path = FCollectionReference.swift; sourceTree = "<group>"; };
		C03CD85587DC43B38921DB8EFE86A4A5 /* Montserrat-Thin.otf */ = {isa = PBXFileReference; lastKnownFileType = file; path = "Montserrat-Thin.otf"; sourceTree = "<group>"; };
		C31533869E46A527CD751D201F79C255 /* Assets.xcassets */ = {isa = PBXFileReference; lastKnownFileType = folder.assetcatalog; path = Assets.xcassets; sourceTree = "<group>"; };
		C3C78025403CFD9AF70354CDA8C60ED8 /* Montserrat-Medium.otf */ = {isa = PBXFileReference; lastKnownFileType = file; path = "Montserrat-Medium.otf"; sourceTree = "<group>"; };
		C847A4830F2880FBFCFB33D57BB09786 /* Constants.swift */ = {isa = PBXFileReference; fileEncoding = 4; lastKnownFileType = sourcecode.swift; path = Constants.swift; sourceTree = "<group>"; };
		C9C965B2219F588116F282F97EC83C8F /* SourceSansPro-BlackIt.otf */ = {isa = PBXFileReference; lastKnownFileType = file; path = "SourceSansPro-BlackIt.otf"; sourceTree = "<group>"; };
		CC69675C6BE2E6E0EEDE4BBAAD6A1A61 /* TextField+.swift */ = {isa = PBXFileReference; fileEncoding = 4; lastKnownFileType = sourcecode.swift; path = "TextField+.swift"; sourceTree = "<group>"; };
		D1A061DF118A0FA085BE513B9FA55938 /* HankenSans-ExtraBoldItalic.ttf */ = {isa = PBXFileReference; lastKnownFileType = file; path = "HankenSans-ExtraBoldItalic.ttf"; sourceTree = "<group>"; };
		D28543DA584999886D9FB0C65798783E /* Allura-Regular.otf */ = {isa = PBXFileReference; lastKnownFileType = file; path = "Allura-Regular.otf"; sourceTree = "<group>"; };
		D2AEB6310ADE1CE32B7FB112A1417D8A /* Montserrat-Bold.otf */ = {isa = PBXFileReference; lastKnownFileType = file; path = "Montserrat-Bold.otf"; sourceTree = "<group>"; };
		D34C8248FF285703CE99734B902DE454 /* CustomTextField+.swift */ = {isa = PBXFileReference; fileEncoding = 4; lastKnownFileType = sourcecode.swift; path = "CustomTextField+.swift"; sourceTree = "<group>"; };
		D620DE616555B886479B21B68676999E /* Montserrat-ExtraBoldItalic.otf */ = {isa = PBXFileReference; lastKnownFileType = file; path = "Montserrat-ExtraBoldItalic.otf"; sourceTree = "<group>"; };
		D76507F917B017BD5E73F98B /* Pods-Boleto.release.xcconfig */ = {isa = PBXFileReference; includeInIndex = 1; lastKnownFileType = text.xcconfig; name = "Pods-Boleto.release.xcconfig"; path = "Target Support Files/Pods-Boleto/Pods-Boleto.release.xcconfig"; sourceTree = "<group>"; };
		D7C2F360EA9558A06563ED5074A3EC71 /* UIFonts.swift */ = {isa = PBXFileReference; fileEncoding = 4; lastKnownFileType = sourcecode.swift; path = UIFonts.swift; sourceTree = "<group>"; };
		D854EFA54466E006EE6E08CA /* Pods-BoletoUITests.release.xcconfig */ = {isa = PBXFileReference; includeInIndex = 1; lastKnownFileType = text.xcconfig; name = "Pods-BoletoUITests.release.xcconfig"; path = "Target Support Files/Pods-BoletoUITests/Pods-BoletoUITests.release.xcconfig"; sourceTree = "<group>"; };
		D8CD96E78BCCB78E96D482489484BB19 /* SourceSansPro-Black.otf */ = {isa = PBXFileReference; lastKnownFileType = file; path = "SourceSansPro-Black.otf"; sourceTree = "<group>"; };
		DBEFA321B582721D0372B27963F3EBEF /* PaymentOnboardingViewController.swift */ = {isa = PBXFileReference; fileEncoding = 4; lastKnownFileType = sourcecode.swift; path = PaymentOnboardingViewController.swift; sourceTree = "<group>"; };
		DE4EC6625C70E171175852A8AA5C71D4 /* SourceSansPro-Semibold.otf */ = {isa = PBXFileReference; lastKnownFileType = file; path = "SourceSansPro-Semibold.otf"; sourceTree = "<group>"; };
		DEC812D3E8914E6AA9C60ED5A9A89308 /* SourceSansPro-Bold.otf */ = {isa = PBXFileReference; lastKnownFileType = file; path = "SourceSansPro-Bold.otf"; sourceTree = "<group>"; };
		DFA21B6B431BE773202561C10E7C48F8 /* UIColor+.swift */ = {isa = PBXFileReference; fileEncoding = 4; lastKnownFileType = sourcecode.swift; path = "UIColor+.swift"; sourceTree = "<group>"; };
		E19BC3A14EDBAE24E27C0D75FD2B0D81 /* BoletoClient.swift */ = {isa = PBXFileReference; lastKnownFileType = sourcecode.swift; path = BoletoClient.swift; sourceTree = "<group>"; };
		E313B11C9EC8B573F6798927484C15AD /* Base */ = {isa = PBXFileReference; lastKnownFileType = file.storyboard; name = Base; path = Base.lproj/LaunchScreen.storyboard; sourceTree = "<group>"; };
		E357942A33F8942FE0063738B0183C35 /* ProgressButton.swift */ = {isa = PBXFileReference; fileEncoding = 4; lastKnownFileType = sourcecode.swift; path = ProgressButton.swift; sourceTree = "<group>"; };
		E40EB638014E430D3E8B62CA084E6AC9 /* ScheduleTableViewCell.swift */ = {isa = PBXFileReference; lastKnownFileType = sourcecode.swift; path = ScheduleTableViewCell.swift; sourceTree = "<group>"; };
		E4AF3520E60266E475E106FCE256CFF6 /* CountryCodes.swift */ = {isa = PBXFileReference; fileEncoding = 4; lastKnownFileType = sourcecode.swift; path = CountryCodes.swift; sourceTree = "<group>"; };
		E7177CAD86E0D6D207AD5BA00374C9E3 /* HankenSans-MediumItalic.ttf */ = {isa = PBXFileReference; lastKnownFileType = file; path = "HankenSans-MediumItalic.ttf"; sourceTree = "<group>"; };
		EBEFE2E98B07C34A819E37ADB8529454 /* ParaType - Futura PT Bold.otf */ = {isa = PBXFileReference; lastKnownFileType = file; path = "ParaType - Futura PT Bold.otf"; sourceTree = "<group>"; };
		EDE70304504C1A72FD0C8682EC5CEE68 /* ScheduleContainer.swift */ = {isa = PBXFileReference; lastKnownFileType = sourcecode.swift; path = ScheduleContainer.swift; sourceTree = "<group>"; };
		F04F91A06BB919B68160009F71477C96 /* Montserrat-ExtraBold.otf */ = {isa = PBXFileReference; lastKnownFileType = file; path = "Montserrat-ExtraBold.otf"; sourceTree = "<group>"; };
		F902B41EA4615D8F8E7DA3674179057D /* BoletoTests.swift */ = {isa = PBXFileReference; lastKnownFileType = sourcecode.swift; path = BoletoTests.swift; sourceTree = "<group>"; };
		F9A3AD391E4AFC4FF2829A6B /* Pods-BoletoTests.debug.xcconfig */ = {isa = PBXFileReference; includeInIndex = 1; lastKnownFileType = text.xcconfig; name = "Pods-BoletoTests.debug.xcconfig"; path = "Target Support Files/Pods-BoletoTests/Pods-BoletoTests.debug.xcconfig"; sourceTree = "<group>"; };
		FA08C556A8D391BB8B066FE66E8C7FB9 /* BoletoUITests.swift */ = {isa = PBXFileReference; lastKnownFileType = sourcecode.swift; path = BoletoUITests.swift; sourceTree = "<group>"; };
		FB4372BA9336F28E1E934E5500AFBEF4 /* Boleto.app */ = {isa = PBXFileReference; explicitFileType = wrapper.application; includeInIndex = 0; path = Boleto.app; sourceTree = BUILT_PRODUCTS_DIR; };
		FF2C024A7D3699E25911D569 /* Pods-BoletoTests.release.xcconfig */ = {isa = PBXFileReference; includeInIndex = 1; lastKnownFileType = text.xcconfig; name = "Pods-BoletoTests.release.xcconfig"; path = "Target Support Files/Pods-BoletoTests/Pods-BoletoTests.release.xcconfig"; sourceTree = "<group>"; };
/* End PBXFileReference section */

/* Begin PBXFrameworksBuildPhase section */
		748C18FE45F78782E0C465AA58C0573A /* Frameworks */ = {
			isa = PBXFrameworksBuildPhase;
			buildActionMask = 2147483647;
			files = (
				073E779F08E0843F50BAEE4C /* Pods_Boleto.framework in Frameworks */,
			);
			runOnlyForDeploymentPostprocessing = 0;
		};
		CA69EC173BD70121FE23D04918E2D0B5 /* Frameworks */ = {
			isa = PBXFrameworksBuildPhase;
			buildActionMask = 2147483647;
			files = (
				079E2665B732B2FC267D89F7 /* Pods_BoletoUITests.framework in Frameworks */,
			);
			runOnlyForDeploymentPostprocessing = 0;
		};
		CCD9437C1447B799DD30EC22D873AA3A /* Frameworks */ = {
			isa = PBXFrameworksBuildPhase;
			buildActionMask = 2147483647;
			files = (
				B503ECFF11E357944155DA90 /* Pods_BoletoTests.framework in Frameworks */,
			);
			runOnlyForDeploymentPostprocessing = 0;
		};
/* End PBXFrameworksBuildPhase section */

/* Begin PBXGroup section */
		12DFCB4D7E5AC9842E8BF175EDA7A65A /* Products */ = {
			isa = PBXGroup;
			children = (
				FB4372BA9336F28E1E934E5500AFBEF4 /* Boleto.app */,
				90E4A9ACD83098DA56671F2EE282CD25 /* BoletoTests.xctest */,
				2B178446FD738F0713120DA78E10B7A4 /* BoletoUITests.xctest */,
			);
			name = Products;
			sourceTree = "<group>";
		};
		1B4B41D09282F2472B2DB2E6A2630881 /* Montserrat */ = {
			isa = PBXGroup;
			children = (
				B0FE93B994C46553BEA486A330F681ED /* Montserrat-Black.otf */,
				1537BAB62D6AA5068C8BD8F66B03E2D0 /* Montserrat-BlackItalic.otf */,
				D2AEB6310ADE1CE32B7FB112A1417D8A /* Montserrat-Bold.otf */,
				8379A26F20880FE7540C993F3D46A1C0 /* Montserrat-BoldItalic.otf */,
				F04F91A06BB919B68160009F71477C96 /* Montserrat-ExtraBold.otf */,
				D620DE616555B886479B21B68676999E /* Montserrat-ExtraBoldItalic.otf */,
				833F26588ACE2D26FE0309B5EC9DAB7D /* Montserrat-ExtraLight.otf */,
				778962137B6BA889E2F10F716AA34820 /* Montserrat-ExtraLightItalic.otf */,
				7FF39C5F60B27E44AD4C973D09DC57F2 /* Montserrat-Italic.otf */,
				106530EA9CF0067DF29BDDD21186FD72 /* Montserrat-Light.otf */,
				2AB6D2579C94614206B179F790A60B6B /* Montserrat-LightItalic.otf */,
				C3C78025403CFD9AF70354CDA8C60ED8 /* Montserrat-Medium.otf */,
				18D2B8931B92AE504AFBB424A0D86E84 /* Montserrat-MediumItalic.otf */,
				18BC9FD98B4213C3C8678309B70C74C4 /* Montserrat-Regular.otf */,
				8B21FCCA5E4B01968CF8EE7D0FB837AC /* Montserrat-SemiBold.otf */,
				339BEEB0C9B5CC1BFB67EA01381BCA58 /* Montserrat-SemiBoldItalic.otf */,
				C03CD85587DC43B38921DB8EFE86A4A5 /* Montserrat-Thin.otf */,
			);
			path = Montserrat;
			sourceTree = "<group>";
		};
		2B6DD46F3505F64D77F4BB98636D83CA /* Resources */ = {
			isa = PBXGroup;
			children = (
				D8C82AC2D1D2F9CD9B49305141336F2D /* Fonts */,
				C31533869E46A527CD751D201F79C255 /* Assets.xcassets */,
				4CB7E1CAD4056D1C085B7548CCB2A4DB /* LaunchScreen.storyboard */,
				50C3F8C5238CAD440019B509 /* success.json */,
			);
			path = Resources;
			sourceTree = "<group>";
		};
		2C48F4B715F6F2DC4318E36C /* Frameworks */ = {
			isa = PBXGroup;
			children = (
				52D4C519F79560FC4E8E9925 /* Pods_Boleto.framework */,
				97ABFDE2DF7363E9A1954B7C /* Pods_BoletoTests.framework */,
				2961180D1FB72CA9998CE67D /* Pods_BoletoUITests.framework */,
			);
			name = Frameworks;
			sourceTree = "<group>";
		};
		2F79F5AEA3E85312EC719EB53CD39943 /* BoletoTests */ = {
			isa = PBXGroup;
			children = (
				F902B41EA4615D8F8E7DA3674179057D /* BoletoTests.swift */,
				033EABA9DDB203B2437F9C9D0386D797 /* Info.plist */,
			);
			path = BoletoTests;
			sourceTree = "<group>";
		};
		4566F9C61D1B43F8C8CDF732910AEE55 /* HankenSans */ = {
			isa = PBXGroup;
			children = (
				0285D2C19D84457FD38C56EA39107A37 /* HankenSans-Black.ttf */,
				0A23E40015A3BCCB500ED16FB65BFAAE /* HankenSans-Bold.ttf */,
				7C4B56032D95922470A1412AE8311B8B /* HankenSans-BoldItalic.ttf */,
				970FC1A599BDD9C3681FAB893C3737D2 /* HankenSans-ExtraBold.ttf */,
				D1A061DF118A0FA085BE513B9FA55938 /* HankenSans-ExtraBoldItalic.ttf */,
				90BC6E0689B75B3FC1E44569A2FFE8CB /* HankenSans-Italic.ttf */,
				720B348490FD687E8112240B66AB82C3 /* HankenSans-Light.ttf */,
				63336F9EC9B692C567FA7B5AA37A3CF2 /* HankenSans-LightItalic.ttf */,
				11F6EBD7A3ACDC4569DD97C0E90306EE /* HankenSans-Medium.ttf */,
				E7177CAD86E0D6D207AD5BA00374C9E3 /* HankenSans-MediumItalic.ttf */,
				1955C0AED3FC152C48E8A70F50A17C1A /* HankenSans-Regular.ttf */,
			);
			path = HankenSans;
			sourceTree = "<group>";
		};
		4E8B582A47E83964B69E38E66E150B25 /* View Model */ = {
			isa = PBXGroup;
			children = (
				59737DAF2534B3C01D57525392FB5691 /* BaseViewModel.swift */,
				AE6EA2FC966E77EEFA6E5F94BAEE7CF2 /* PaymentViewModel.swift */,
				3008F733201DB58FFA15F6D2D48EAABE /* ScheduleTripViewModel.swift */,
				AE969CFA47F6E8FD3AD7A6F81543A7C6 /* SchedulesViewModel.swift */,
			);
			path = "View Model";
			sourceTree = "<group>";
		};
		5BFECB261564205656224A871E749152 /* SourceSansPro */ = {
			isa = PBXGroup;
			children = (
				D8CD96E78BCCB78E96D482489484BB19 /* SourceSansPro-Black.otf */,
				C9C965B2219F588116F282F97EC83C8F /* SourceSansPro-BlackIt.otf */,
				DEC812D3E8914E6AA9C60ED5A9A89308 /* SourceSansPro-Bold.otf */,
				62E5CA09C17B660E04538C510DF316E8 /* SourceSansPro-BoldIt.otf */,
				56BDABC97D24784D793437DB846F4A31 /* SourceSansPro-ExtraLight.otf */,
				8D3A3F651ABCDEF23E75A9E1C92D7C47 /* SourceSansPro-ExtraLightIt.otf */,
				8490449EA5DBA13EE3179496A32D6EAF /* SourceSansPro-It.otf */,
				8FFDC347FAD08E3BFE834104DEA179AA /* SourceSansPro-Light.otf */,
				60DB05A2ED4A0770AEEDE7375F110292 /* SourceSansPro-LightIt.otf */,
				0AA75D5C7AEECBBEFE64B58E2C44F10B /* SourceSansPro-Regular.otf */,
				DE4EC6625C70E171175852A8AA5C71D4 /* SourceSansPro-Semibold.otf */,
				8073B58B86B1D4F3A08D292367BC7783 /* SourceSansPro-SemiboldIt.otf */,
				77A6CBEECF9500535606562C1A38F0A7 /* SourceSansVariable-Roman.otf */,
			);
			path = SourceSansPro;
			sourceTree = "<group>";
		};
		622200AA8A1C78A45BDB70EB3ADE157E /* App */ = {
			isa = PBXGroup;
			children = (
				E64CF5AB9175BE2C4BF94C27DB6F000E /* Modules */,
				4E8B582A47E83964B69E38E66E150B25 /* View Model */,
				E19BC3A14EDBAE24E27C0D75FD2B0D81 /* BoletoClient.swift */,
			);
			path = App;
			sourceTree = "<group>";
		};
		71FF733B5FB1F2D17BA09358A87716DB /* Extensions */ = {
			isa = PBXGroup;
			children = (
				D34C8248FF285703CE99734B902DE454 /* CustomTextField+.swift */,
				CC69675C6BE2E6E0EEDE4BBAAD6A1A61 /* TextField+.swift */,
				DFA21B6B431BE773202561C10E7C48F8 /* UIColor+.swift */,
				D7C2F360EA9558A06563ED5074A3EC71 /* UIFonts.swift */,
				4488A95D25F78E2EFDEA9838FF106B1E /* UIImage+.swift */,
				9EE8FE96D9D1D15CCCDDEBB6C9B1A901 /* UIView+.swift */,
				4D7CF1D32EA6A420EE3EE60BD6343577 /* UIViewController+.swift */,
			);
			path = Extensions;
			sourceTree = "<group>";
		};
		72AEF794636C2B2251723F63D63781FA /* Utility */ = {
			isa = PBXGroup;
			children = (
				8A83BB1317D489E4A1F5516DA98CF1F8 /* Common */,
				71FF733B5FB1F2D17BA09358A87716DB /* Extensions */,
			);
			path = Utility;
			sourceTree = "<group>";
		};
		771E2DFDCDD87F25DB860784CD18C580 /* Pods */ = {
			isa = PBXGroup;
			children = (
				4AE94967F11656A12DED8FF1 /* Pods-Boleto.debug.xcconfig */,
				D76507F917B017BD5E73F98B /* Pods-Boleto.release.xcconfig */,
				F9A3AD391E4AFC4FF2829A6B /* Pods-BoletoTests.debug.xcconfig */,
				FF2C024A7D3699E25911D569 /* Pods-BoletoTests.release.xcconfig */,
				89979888FB5D0FA53CEC95FC /* Pods-BoletoUITests.debug.xcconfig */,
				D854EFA54466E006EE6E08CA /* Pods-BoletoUITests.release.xcconfig */,
			);
			path = Pods;
			sourceTree = "<group>";
		};
		7819A61DAACDE79B286D54E7018BAD80 /* BoletoUITests */ = {
			isa = PBXGroup;
			children = (
				FA08C556A8D391BB8B066FE66E8C7FB9 /* BoletoUITests.swift */,
				986E46D92B0B98815E6F44F8F661AC4F /* Info.plist */,
			);
			path = BoletoUITests;
			sourceTree = "<group>";
		};
		7E730BB5789C6E8E3F54970A3C18482F /* Boleto */ = {
			isa = PBXGroup;
			children = (
				622200AA8A1C78A45BDB70EB3ADE157E /* App */,
				FE43D634810686EA42720C51E0E559A4 /* Model */,
				2B6DD46F3505F64D77F4BB98636D83CA /* Resources */,
				72AEF794636C2B2251723F63D63781FA /* Utility */,
				A29241455089C88519EB01325F38D9C7 /* AppDelegate.swift */,
				10E814FABCC5F3F7F4B2AC56A328E2A3 /* GoogleService-Info-Dev.plist */,
				08FA354DF7C22111363ABDF4D6D4F986 /* GoogleService-Info.plist */,
				18280CE0ED8A1B3FB66AFA9EFFE9E4E1 /* Info.plist */,
			);
			path = Boleto;
			sourceTree = "<group>";
		};
		8A83BB1317D489E4A1F5516DA98CF1F8 /* Common */ = {
			isa = PBXGroup;
			children = (
				C847A4830F2880FBFCFB33D57BB09786 /* Constants.swift */,
				E4AF3520E60266E475E106FCE256CFF6 /* CountryCodes.swift */,
				BF51DB1DEF7C123E9F82A7AA90F2E6C6 /* FCollectionReference.swift */,
				21EBCDC5D1C9C87FA06C962DEEE37154 /* PasswordStrength.swift */,
				E357942A33F8942FE0063738B0183C35 /* ProgressButton.swift */,
			);
			path = Common;
			sourceTree = "<group>";
		};
		C96D7CD85E624654CBE13C2B8171EA52 /* Schedules */ = {
			isa = PBXGroup;
			children = (
				F8555A7087DB1815357D6977931CFBCE /* Schedule Table View Cell */,
				1B662B319C10FA148DADA277EA3E01C4 /* ScheduleTripViewController.swift */,
				4F3F4B708C779BB69509A445A789D3F7 /* Schedules.storyboard */,
				B782BE526FB84465F94AEBF106269BE5 /* SchedulesViewController.swift */,
			);
			path = Schedules;
			sourceTree = "<group>";
		};
		D493833BF95307248D11BE2E672B85B5 /* SignIn */ = {
			isa = PBXGroup;
			children = (
				7A5C3CE6E7857DC3D11F42913E258EF6 /* SignIn.storyboard */,
				0F0FCB9797E039CF8F36FB9A90D28728 /* SignInViewController.swift */,
			);
			path = SignIn;
			sourceTree = "<group>";
		};
		D8C82AC2D1D2F9CD9B49305141336F2D /* Fonts */ = {
			isa = PBXGroup;
			children = (
				4566F9C61D1B43F8C8CDF732910AEE55 /* HankenSans */,
				1B4B41D09282F2472B2DB2E6A2630881 /* Montserrat */,
				5BFECB261564205656224A871E749152 /* SourceSansPro */,
				D28543DA584999886D9FB0C65798783E /* Allura-Regular.otf */,
				9E102B4354BEFCA839A1B5A96F69D6D1 /* MyriadPro-Bold.otf */,
				B2CE16D67F6478EB55D68B8A4BCB2DB0 /* MyriadPro-Regular.otf */,
				EBEFE2E98B07C34A819E37ADB8529454 /* ParaType - Futura PT Bold.otf */,
			);
			path = Fonts;
			sourceTree = "<group>";
		};
		E64CF5AB9175BE2C4BF94C27DB6F000E /* Modules */ = {
			isa = PBXGroup;
			children = (
				D493833BF95307248D11BE2E672B85B5 /* SignIn */,
				C96D7CD85E624654CBE13C2B8171EA52 /* Schedules */,
				DBEFA321B582721D0372B27963F3EBEF /* PaymentOnboardingViewController.swift */,
				60E859967B17250550D7E8893878B447 /* SuccessViewController.swift */,
			);
			path = Modules;
			sourceTree = "<group>";
		};
		F8555A7087DB1815357D6977931CFBCE /* Schedule Table View Cell */ = {
			isa = PBXGroup;
			children = (
				E40EB638014E430D3E8B62CA084E6AC9 /* ScheduleTableViewCell.swift */,
				6F8EA72B8220795AEF286BB952A05712 /* ScheduleTableViewCell.xib */,
			);
			path = "Schedule Table View Cell";
			sourceTree = "<group>";
		};
		F95A93C2CA59BEA0C6BC93764BF938FF = {
			isa = PBXGroup;
			children = (
				7E730BB5789C6E8E3F54970A3C18482F /* Boleto */,
				2F79F5AEA3E85312EC719EB53CD39943 /* BoletoTests */,
				7819A61DAACDE79B286D54E7018BAD80 /* BoletoUITests */,
				771E2DFDCDD87F25DB860784CD18C580 /* Pods */,
				12DFCB4D7E5AC9842E8BF175EDA7A65A /* Products */,
				2C48F4B715F6F2DC4318E36C /* Frameworks */,
			);
			sourceTree = "<group>";
		};
		FE43D634810686EA42720C51E0E559A4 /* Model */ = {
			isa = PBXGroup;
			children = (
				0C387E2165838157847323C6B3CF05C6 /* Schedule.swift */,
				EDE70304504C1A72FD0C8682EC5CEE68 /* ScheduleContainer.swift */,
				2F7F6AB66DF95E7FD91B8947BC849C0D /* FUser.swift */,
			);
			path = Model;
			sourceTree = "<group>";
		};
/* End PBXGroup section */

/* Begin PBXNativeTarget section */
		07071C5BEF5E1F8A2A7436ED17C6615E /* Boleto */ = {
			isa = PBXNativeTarget;
			buildConfigurationList = 2F25E24A27C00D2147C9F19877C432AE /* Build configuration list for PBXNativeTarget "Boleto" */;
			buildPhases = (
				DF635265E6EF28C15F337067 /* [CP] Check Pods Manifest.lock */,
				323DC0BD00FE2B04855F5C5EE9251266 /* Sources */,
				748C18FE45F78782E0C465AA58C0573A /* Frameworks */,
				4E611C1D6EC19EF9C88C861DED0D7103 /* Resources */,
				0E28E14950D3C7C07AD8DE31 /* [CP] Embed Pods Frameworks */,
				81BFEA17453B9F70199C4F0F /* [CP] Copy Pods Resources */,
			);
			buildRules = (
			);
			dependencies = (
			);
			name = Boleto;
			productName = Boleto;
			productReference = FB4372BA9336F28E1E934E5500AFBEF4 /* Boleto.app */;
			productType = "com.apple.product-type.application";
		};
		B6CAF14CEBF99203735C06E37CD6B8B6 /* BoletoTests */ = {
			isa = PBXNativeTarget;
			buildConfigurationList = 94F8AB1086361D7108017A12B9880CBA /* Build configuration list for PBXNativeTarget "BoletoTests" */;
			buildPhases = (
				AE7AF2E0ADCEFB5C0A0B0CE8 /* [CP] Check Pods Manifest.lock */,
				C37027FC627B667D5E3BC935FEAAB5EB /* Sources */,
				CCD9437C1447B799DD30EC22D873AA3A /* Frameworks */,
				2A9DBE41A92B7B616AE235EB8DCA458A /* Resources */,
			);
			buildRules = (
			);
			dependencies = (
				A4D1B9D2997F457170529F2620090B82 /* PBXTargetDependency */,
			);
			name = BoletoTests;
			productName = BoletoTests;
			productReference = 90E4A9ACD83098DA56671F2EE282CD25 /* BoletoTests.xctest */;
			productType = "com.apple.product-type.bundle.unit-test";
		};
		F7DEB6C3F4206EBA0484E137AF0669DB /* BoletoUITests */ = {
			isa = PBXNativeTarget;
			buildConfigurationList = F5C9FC00CA2683F36DBB2F9983C93CE6 /* Build configuration list for PBXNativeTarget "BoletoUITests" */;
			buildPhases = (
				573900D87C7D873694BEBF3F /* [CP] Check Pods Manifest.lock */,
				2B7D86469BFECCB7F5DE61B75DBE139B /* Sources */,
				CA69EC173BD70121FE23D04918E2D0B5 /* Frameworks */,
				66E77506203F2F5D6BA8925A2EECB08C /* Resources */,
			);
			buildRules = (
			);
			dependencies = (
				04556F03CDD37E356470BA1E8E5B3200 /* PBXTargetDependency */,
			);
			name = BoletoUITests;
			productName = BoletoUITests;
			productReference = 2B178446FD738F0713120DA78E10B7A4 /* BoletoUITests.xctest */;
			productType = "com.apple.product-type.bundle.ui-testing";
		};
/* End PBXNativeTarget section */

/* Begin PBXProject section */
		E45CB04D4A14BF5BCABCBB4955C8F9E5 /* Project object */ = {
			isa = PBXProject;
			attributes = {
				LastSwiftUpdateCheck = 1030;
				LastUpgradeCheck = 1030;
				ORGANIZATIONNAME = "rose maina";
				TargetAttributes = {
					07071C5BEF5E1F8A2A7436ED17C6615E = {
						CreatedOnToolsVersion = 10.3;
					};
					B6CAF14CEBF99203735C06E37CD6B8B6 = {
						CreatedOnToolsVersion = 10.3;
						TestTargetID = 07071C5BEF5E1F8A2A7436ED17C6615E;
					};
					F7DEB6C3F4206EBA0484E137AF0669DB = {
						CreatedOnToolsVersion = 10.3;
						TestTargetID = 07071C5BEF5E1F8A2A7436ED17C6615E;
					};
				};
			};
			buildConfigurationList = AAF4552641F1A1B618E5E649E15FB1CF /* Build configuration list for PBXProject "Boleto" */;
			compatibilityVersion = "Xcode 9.3";
			developmentRegion = en;
			hasScannedForEncodings = 0;
			knownRegions = (
				en,
				Base,
			);
			mainGroup = F95A93C2CA59BEA0C6BC93764BF938FF;
			productRefGroup = 12DFCB4D7E5AC9842E8BF175EDA7A65A /* Products */;
			projectDirPath = "";
			projectRoot = "";
			targets = (
				07071C5BEF5E1F8A2A7436ED17C6615E /* Boleto */,
				B6CAF14CEBF99203735C06E37CD6B8B6 /* BoletoTests */,
				F7DEB6C3F4206EBA0484E137AF0669DB /* BoletoUITests */,
			);
		};
/* End PBXProject section */

/* Begin PBXResourcesBuildPhase section */
		2A9DBE41A92B7B616AE235EB8DCA458A /* Resources */ = {
			isa = PBXResourcesBuildPhase;
			buildActionMask = 2147483647;
			files = (
			);
			runOnlyForDeploymentPostprocessing = 0;
		};
		4E611C1D6EC19EF9C88C861DED0D7103 /* Resources */ = {
			isa = PBXResourcesBuildPhase;
			buildActionMask = 2147483647;
			files = (
				507D1142C848DDEBAF2664CA47E817D3 /* Allura-Regular.otf in Resources */,
				A6C85C50B7FA5C2958B2B89CCD9A731F /* Assets.xcassets in Resources */,
				0CDA74145844DA032DC5E1FA345522ED /* GoogleService-Info-Dev.plist in Resources */,
				D12740E1331006654FDFBC883B35BF59 /* GoogleService-Info.plist in Resources */,
				2B7F9E965B6C51105A7A20668D135BA5 /* HankenSans-Black.ttf in Resources */,
				DA0043F39C243637145878298B030F46 /* HankenSans-Bold.ttf in Resources */,
				6D6FF2D48144D06E6789FAC5579A1F5D /* HankenSans-BoldItalic.ttf in Resources */,
				D7EB5AB9A8A91B641FEDDC93EB24FB05 /* HankenSans-ExtraBold.ttf in Resources */,
				B7D4894423140BC7C669C0448464CECD /* HankenSans-ExtraBoldItalic.ttf in Resources */,
				A28AAC39ED03EC211D08105495735C08 /* HankenSans-Italic.ttf in Resources */,
				6AB78187DF7E792C3583314A4184F2F2 /* HankenSans-Light.ttf in Resources */,
				862B1222AEAAB80F7D1C976454AC8837 /* HankenSans-LightItalic.ttf in Resources */,
				F2F4BDA68432BE2972AC64F5439131F8 /* HankenSans-Medium.ttf in Resources */,
				AB236E4E3643B6EAFBAA8D67120BCBD2 /* HankenSans-MediumItalic.ttf in Resources */,
				4B413EEB9B5D96A570F0242B592A695A /* HankenSans-Regular.ttf in Resources */,
				9E5374C88129B2228E72152C6AD6F872 /* LaunchScreen.storyboard in Resources */,
				73AC18C97C28DA8600C40A866A7DA5DA /* Montserrat-Black.otf in Resources */,
				C321277980D278BD9567097F3B92DB70 /* Montserrat-BlackItalic.otf in Resources */,
				ACF4E3AFB8717E332E6BBCB3B72652E1 /* Montserrat-Bold.otf in Resources */,
				9A3EC38570CB4D3007C036D8DEBAA909 /* Montserrat-BoldItalic.otf in Resources */,
				41C7557E52DE5ACE8950DCE1497C2F55 /* Montserrat-ExtraBold.otf in Resources */,
				1FD2267B1EA0495D9D447139747E569D /* Montserrat-ExtraBoldItalic.otf in Resources */,
				DFF04DC109BA6C2A46B38E3AE74FA936 /* Montserrat-ExtraLight.otf in Resources */,
				CFAA847FBE4F6350DA588523D63658B2 /* Montserrat-ExtraLightItalic.otf in Resources */,
				0ECD099437325B12D9524AB7EDF16B03 /* Montserrat-Italic.otf in Resources */,
				AEBCC42FD31B9150950E2584962FE480 /* Montserrat-Light.otf in Resources */,
				9A8D8172A790E0F560D38D3397E0B86C /* Montserrat-LightItalic.otf in Resources */,
				4E9F0AC8AC5DA0CDF0969924E8F1F246 /* Montserrat-Medium.otf in Resources */,
				9992BD3ABC863B9B7B9102B640FF032A /* Montserrat-MediumItalic.otf in Resources */,
				8ECC2E6EAAA4338BB628FCA144C36F6E /* Montserrat-Regular.otf in Resources */,
				6E3899F579CD2649CF43EDBD4E906B07 /* Montserrat-SemiBold.otf in Resources */,
				857C0C3DA20768E9853CAD131E4F05FD /* Montserrat-SemiBoldItalic.otf in Resources */,
				C7E93D3B4E821B2F46AB7FC5273C00F3 /* Montserrat-Thin.otf in Resources */,
				134F36D02E18E42B56C0778E73FB4319 /* MyriadPro-Bold.otf in Resources */,
				C04B2A365B93E92BAFCB7355A4C3E26A /* MyriadPro-Regular.otf in Resources */,
				74B8E9AE48B5B7C3FF9F444D83206FE6 /* SignIn.storyboard in Resources */,
				6A2A87BA95D3A424CD3BC6B3C251A3FF /* ParaType - Futura PT Bold.otf in Resources */,
				84C31E0EA3AAECDA8E99E74320251AE9 /* ScheduleTableViewCell.xib in Resources */,
				9773CD46C6B9FF1C08333CAABBF63DB3 /* Schedules.storyboard in Resources */,
				94A2E630D908DFD860E98C729DA7B453 /* SourceSansPro-Black.otf in Resources */,
				E527C7DA454EB64CD710E71F9470631E /* SourceSansPro-BlackIt.otf in Resources */,
				AE59FB2AD541617C70384B893782D2C4 /* SourceSansPro-Bold.otf in Resources */,
				D89CCD864FED8910107D58FD4D120534 /* SourceSansPro-BoldIt.otf in Resources */,
				7615EB82B7C8C30079DC3C9DF9A0E25C /* SourceSansPro-ExtraLight.otf in Resources */,
				5173A0D2C48063120C9C636ED22976B1 /* SourceSansPro-ExtraLightIt.otf in Resources */,
				D039B4E646E48A482527B7AAB605F164 /* SourceSansPro-It.otf in Resources */,
				50C3F8C6238CAD440019B509 /* success.json in Resources */,
				F0F5F76149E3DFCF3FE1CB3FD62A3749 /* SourceSansPro-Light.otf in Resources */,
				536C643342D63A9B53E173BE9C195FB1 /* SourceSansPro-LightIt.otf in Resources */,
				2F557D115C6F1B89DFA0C13AC7342D6B /* SourceSansPro-Regular.otf in Resources */,
				1F5C431EE2284BAB22EE7025EEBDB131 /* SourceSansPro-Semibold.otf in Resources */,
				7A7D22A59CD3FC3FB585C6ADE0552C3D /* SourceSansPro-SemiboldIt.otf in Resources */,
				7FFF29F0F04E6695DB0741045D1862B3 /* SourceSansVariable-Roman.otf in Resources */,
			);
			runOnlyForDeploymentPostprocessing = 0;
		};
		66E77506203F2F5D6BA8925A2EECB08C /* Resources */ = {
			isa = PBXResourcesBuildPhase;
			buildActionMask = 2147483647;
			files = (
			);
			runOnlyForDeploymentPostprocessing = 0;
		};
/* End PBXResourcesBuildPhase section */

/* Begin PBXShellScriptBuildPhase section */
		0E28E14950D3C7C07AD8DE31 /* [CP] Embed Pods Frameworks */ = {
			isa = PBXShellScriptBuildPhase;
			buildActionMask = 2147483647;
			files = (
			);
			inputFileListPaths = (
				"${PODS_ROOT}/Target Support Files/Pods-Boleto/Pods-Boleto-frameworks-${CONFIGURATION}-input-files.xcfilelist",
			);
			name = "[CP] Embed Pods Frameworks";
			outputFileListPaths = (
				"${PODS_ROOT}/Target Support Files/Pods-Boleto/Pods-Boleto-frameworks-${CONFIGURATION}-output-files.xcfilelist",
			);
			runOnlyForDeploymentPostprocessing = 0;
			shellPath = /bin/sh;
			shellScript = "\"${PODS_ROOT}/Target Support Files/Pods-Boleto/Pods-Boleto-frameworks.sh\"\n";
			showEnvVarsInLog = 0;
		};
		573900D87C7D873694BEBF3F /* [CP] Check Pods Manifest.lock */ = {
			isa = PBXShellScriptBuildPhase;
			buildActionMask = 2147483647;
			files = (
			);
			inputFileListPaths = (
			);
			inputPaths = (
				"${PODS_PODFILE_DIR_PATH}/Podfile.lock",
				"${PODS_ROOT}/Manifest.lock",
			);
			name = "[CP] Check Pods Manifest.lock";
			outputFileListPaths = (
			);
			outputPaths = (
				"$(DERIVED_FILE_DIR)/Pods-BoletoUITests-checkManifestLockResult.txt",
			);
			runOnlyForDeploymentPostprocessing = 0;
			shellPath = /bin/sh;
			shellScript = "diff \"${PODS_PODFILE_DIR_PATH}/Podfile.lock\" \"${PODS_ROOT}/Manifest.lock\" > /dev/null\nif [ $? != 0 ] ; then\n    # print error to STDERR\n    echo \"error: The sandbox is not in sync with the Podfile.lock. Run 'pod install' or update your CocoaPods installation.\" >&2\n    exit 1\nfi\n# This output is used by Xcode 'outputs' to avoid re-running this script phase.\necho \"SUCCESS\" > \"${SCRIPT_OUTPUT_FILE_0}\"\n";
			showEnvVarsInLog = 0;
		};
		81BFEA17453B9F70199C4F0F /* [CP] Copy Pods Resources */ = {
			isa = PBXShellScriptBuildPhase;
			buildActionMask = 2147483647;
			files = (
			);
			inputFileListPaths = (
				"${PODS_ROOT}/Target Support Files/Pods-Boleto/Pods-Boleto-resources-${CONFIGURATION}-input-files.xcfilelist",
			);
			name = "[CP] Copy Pods Resources";
			outputFileListPaths = (
				"${PODS_ROOT}/Target Support Files/Pods-Boleto/Pods-Boleto-resources-${CONFIGURATION}-output-files.xcfilelist",
			);
			runOnlyForDeploymentPostprocessing = 0;
			shellPath = /bin/sh;
			shellScript = "\"${PODS_ROOT}/Target Support Files/Pods-Boleto/Pods-Boleto-resources.sh\"\n";
			showEnvVarsInLog = 0;
		};
		AE7AF2E0ADCEFB5C0A0B0CE8 /* [CP] Check Pods Manifest.lock */ = {
			isa = PBXShellScriptBuildPhase;
			buildActionMask = 2147483647;
			files = (
			);
			inputFileListPaths = (
			);
			inputPaths = (
				"${PODS_PODFILE_DIR_PATH}/Podfile.lock",
				"${PODS_ROOT}/Manifest.lock",
			);
			name = "[CP] Check Pods Manifest.lock";
			outputFileListPaths = (
			);
			outputPaths = (
				"$(DERIVED_FILE_DIR)/Pods-BoletoTests-checkManifestLockResult.txt",
			);
			runOnlyForDeploymentPostprocessing = 0;
			shellPath = /bin/sh;
			shellScript = "diff \"${PODS_PODFILE_DIR_PATH}/Podfile.lock\" \"${PODS_ROOT}/Manifest.lock\" > /dev/null\nif [ $? != 0 ] ; then\n    # print error to STDERR\n    echo \"error: The sandbox is not in sync with the Podfile.lock. Run 'pod install' or update your CocoaPods installation.\" >&2\n    exit 1\nfi\n# This output is used by Xcode 'outputs' to avoid re-running this script phase.\necho \"SUCCESS\" > \"${SCRIPT_OUTPUT_FILE_0}\"\n";
			showEnvVarsInLog = 0;
		};
		DF635265E6EF28C15F337067 /* [CP] Check Pods Manifest.lock */ = {
			isa = PBXShellScriptBuildPhase;
			buildActionMask = 2147483647;
			files = (
			);
			inputFileListPaths = (
			);
			inputPaths = (
				"${PODS_PODFILE_DIR_PATH}/Podfile.lock",
				"${PODS_ROOT}/Manifest.lock",
			);
			name = "[CP] Check Pods Manifest.lock";
			outputFileListPaths = (
			);
			outputPaths = (
				"$(DERIVED_FILE_DIR)/Pods-Boleto-checkManifestLockResult.txt",
			);
			runOnlyForDeploymentPostprocessing = 0;
			shellPath = /bin/sh;
			shellScript = "diff \"${PODS_PODFILE_DIR_PATH}/Podfile.lock\" \"${PODS_ROOT}/Manifest.lock\" > /dev/null\nif [ $? != 0 ] ; then\n    # print error to STDERR\n    echo \"error: The sandbox is not in sync with the Podfile.lock. Run 'pod install' or update your CocoaPods installation.\" >&2\n    exit 1\nfi\n# This output is used by Xcode 'outputs' to avoid re-running this script phase.\necho \"SUCCESS\" > \"${SCRIPT_OUTPUT_FILE_0}\"\n";
			showEnvVarsInLog = 0;
		};
/* End PBXShellScriptBuildPhase section */

/* Begin PBXSourcesBuildPhase section */
		2B7D86469BFECCB7F5DE61B75DBE139B /* Sources */ = {
			isa = PBXSourcesBuildPhase;
			buildActionMask = 2147483647;
			files = (
				98C0F224194944E8EBE76E94D8DB656B /* BoletoUITests.swift in Sources */,
			);
			runOnlyForDeploymentPostprocessing = 0;
		};
		323DC0BD00FE2B04855F5C5EE9251266 /* Sources */ = {
			isa = PBXSourcesBuildPhase;
			buildActionMask = 2147483647;
			files = (
				28264389F9FD42B37EBD8342AE6B9A6E /* AppDelegate.swift in Sources */,
				B67E3C4D822DC008019E725363E9E252 /* BaseViewModel.swift in Sources */,
				B5BF251BBB5CC24A2E068E4B59D166C4 /* BoletoClient.swift in Sources */,
				875266FB7D4CA6DE0DFDF46689120880 /* Constants.swift in Sources */,
				18D1E1E603A360E393BD9F67164EDB95 /* CountryCodes.swift in Sources */,
				2A22403A21241EE3F3B73A3744409B9B /* CustomTextField+.swift in Sources */,
				606E915DD325F63C89AC18004F58DE22 /* FCollectionReference.swift in Sources */,
				AFE0CBC50C2A570C02928786F1C43781 /* PasswordStrength.swift in Sources */,
				FBC173A24D2DBF14070EF1DB31FFA01A /* PaymentOnboardingViewController.swift in Sources */,
				3D4E5E85EEFD053563F84AE2773541D2 /* PaymentViewModel.swift in Sources */,
				895D4A5C8C65FE527E3B820E97A2FF58 /* ProgressButton.swift in Sources */,
				8977B503E4830824D6A7F55F1C96770A /* Schedule.swift in Sources */,
				863CCDC21D0A8DF50288CA822AD6A932 /* ScheduleContainer.swift in Sources */,
				E6D066022F495B1954C12BF1C94F6089 /* ScheduleTableViewCell.swift in Sources */,
				B7521FADF01EC3911C0F378C1EB5D46F /* ScheduleTripViewController.swift in Sources */,
				A1B028B5F2AF7DFC4EC19E519E880267 /* ScheduleTripViewModel.swift in Sources */,
				9FC6E83C6C1D2396EDAC65BE843DC471 /* SchedulesViewController.swift in Sources */,
				0B63869C6DC11D06659A7E8B416E20FE /* SchedulesViewModel.swift in Sources */,
				91FEC3FCAEAAE606E9B8FD5B007A7F39 /* SignInViewController.swift in Sources */,
				CEF4719A75C2C4AA1373A174440E205A /* SuccessViewController.swift in Sources */,
				A82F10F271C19CD27A60188FF1B43714 /* TextField+.swift in Sources */,
				6E6E8551196CCAA7178F7A0387CBD3A9 /* UIColor+.swift in Sources */,
				8893C8D86885DE2607AF27B7381E6FB6 /* UIFonts.swift in Sources */,
				0F15DBE3136DF80C8CD30793975870CF /* UIImage+.swift in Sources */,
				7100704F43A418523CBF3D1EF3BD0450 /* UIView+.swift in Sources */,
				F5F9E52BAB07097A7C513AD4FAE5B16D /* UIViewController+.swift in Sources */,
				660B3DB70AFE6639FF64DB760B6D4975 /* FUser.swift in Sources */,
			);
			runOnlyForDeploymentPostprocessing = 0;
		};
		C37027FC627B667D5E3BC935FEAAB5EB /* Sources */ = {
			isa = PBXSourcesBuildPhase;
			buildActionMask = 2147483647;
			files = (
				070237CE4E1FED26DCDEE9CA0CE71046 /* BoletoTests.swift in Sources */,
			);
			runOnlyForDeploymentPostprocessing = 0;
		};
/* End PBXSourcesBuildPhase section */

/* Begin PBXTargetDependency section */
		04556F03CDD37E356470BA1E8E5B3200 /* PBXTargetDependency */ = {
			isa = PBXTargetDependency;
			target = 07071C5BEF5E1F8A2A7436ED17C6615E /* Boleto */;
			targetProxy = D7EFF21F456B78B0F3CAE6B2569350D6 /* PBXContainerItemProxy */;
		};
		A4D1B9D2997F457170529F2620090B82 /* PBXTargetDependency */ = {
			isa = PBXTargetDependency;
			target = 07071C5BEF5E1F8A2A7436ED17C6615E /* Boleto */;
			targetProxy = 54EDA1ACDDAFFB123EF1312EC5742066 /* PBXContainerItemProxy */;
		};
/* End PBXTargetDependency section */

/* Begin PBXVariantGroup section */
		4CB7E1CAD4056D1C085B7548CCB2A4DB /* LaunchScreen.storyboard */ = {
			isa = PBXVariantGroup;
			children = (
				E313B11C9EC8B573F6798927484C15AD /* Base */,
			);
			name = LaunchScreen.storyboard;
			sourceTree = "<group>";
		};
/* End PBXVariantGroup section */

/* Begin XCBuildConfiguration section */
		00D43B6C7ACFEA1261E88DE5E62AAC58 /* Debug */ = {
			isa = XCBuildConfiguration;
			baseConfigurationReference = 89979888FB5D0FA53CEC95FC /* Pods-BoletoUITests.debug.xcconfig */;
			buildSettings = {
				ALWAYS_EMBED_SWIFT_STANDARD_LIBRARIES = YES;
				CODE_SIGN_STYLE = Automatic;
				DEVELOPMENT_TEAM = YS8PS8335D;
				INFOPLIST_FILE = BoletoUITests/Info.plist;
				LD_RUNPATH_SEARCH_PATHS = (
					"$(inherited)",
					"@executable_path/Frameworks",
					"@loader_path/Frameworks",
				);
				PRODUCT_BUNDLE_IDENTIFIER = ace.BoletoUITests;
				PRODUCT_NAME = "$(TARGET_NAME)";
				SWIFT_VERSION = 5.0;
				TARGETED_DEVICE_FAMILY = "1,2";
				TEST_TARGET_NAME = Boleto;
			};
			name = Debug;
		};
		0525748586BFAC9F0E02FD2ABC68FD93 /* Debug */ = {
			isa = XCBuildConfiguration;
			buildSettings = {
				ALWAYS_SEARCH_USER_PATHS = NO;
				CLANG_ANALYZER_NONNULL = YES;
				CLANG_ANALYZER_NUMBER_OBJECT_CONVERSION = YES_AGGRESSIVE;
				CLANG_CXX_LANGUAGE_STANDARD = "gnu++14";
				CLANG_CXX_LIBRARY = "libc++";
				CLANG_ENABLE_MODULES = YES;
				CLANG_ENABLE_OBJC_ARC = YES;
				CLANG_ENABLE_OBJC_WEAK = YES;
				CLANG_WARN_BLOCK_CAPTURE_AUTORELEASING = YES;
				CLANG_WARN_BOOL_CONVERSION = YES;
				CLANG_WARN_COMMA = YES;
				CLANG_WARN_CONSTANT_CONVERSION = YES;
				CLANG_WARN_DEPRECATED_OBJC_IMPLEMENTATIONS = YES;
				CLANG_WARN_DIRECT_OBJC_ISA_USAGE = YES_ERROR;
				CLANG_WARN_DOCUMENTATION_COMMENTS = YES;
				CLANG_WARN_EMPTY_BODY = YES;
				CLANG_WARN_ENUM_CONVERSION = YES;
				CLANG_WARN_INFINITE_RECURSION = YES;
				CLANG_WARN_INT_CONVERSION = YES;
				CLANG_WARN_NON_LITERAL_NULL_CONVERSION = YES;
				CLANG_WARN_OBJC_IMPLICIT_RETAIN_SELF = YES;
				CLANG_WARN_OBJC_LITERAL_CONVERSION = YES;
				CLANG_WARN_OBJC_ROOT_CLASS = YES_ERROR;
				CLANG_WARN_RANGE_LOOP_ANALYSIS = YES;
				CLANG_WARN_STRICT_PROTOTYPES = YES;
				CLANG_WARN_SUSPICIOUS_MOVE = YES;
				CLANG_WARN_UNGUARDED_AVAILABILITY = YES_AGGRESSIVE;
				CLANG_WARN_UNREACHABLE_CODE = YES;
				CLANG_WARN__DUPLICATE_METHOD_MATCH = YES;
				CODE_SIGN_IDENTITY = "iPhone Developer";
				COPY_PHASE_STRIP = NO;
				DEBUG_INFORMATION_FORMAT = dwarf;
				ENABLE_STRICT_OBJC_MSGSEND = YES;
				ENABLE_TESTABILITY = YES;
				GCC_C_LANGUAGE_STANDARD = gnu11;
				GCC_DYNAMIC_NO_PIC = NO;
				GCC_NO_COMMON_BLOCKS = YES;
				GCC_OPTIMIZATION_LEVEL = 0;
				GCC_PREPROCESSOR_DEFINITIONS = (
					"DEBUG=1",
					"$(inherited)",
				);
				GCC_WARN_64_TO_32_BIT_CONVERSION = YES;
				GCC_WARN_ABOUT_RETURN_TYPE = YES_ERROR;
				GCC_WARN_UNDECLARED_SELECTOR = YES;
				GCC_WARN_UNINITIALIZED_AUTOS = YES_AGGRESSIVE;
				GCC_WARN_UNUSED_FUNCTION = YES;
				GCC_WARN_UNUSED_VARIABLE = YES;
				IPHONEOS_DEPLOYMENT_TARGET = 12.4;
				MTL_ENABLE_DEBUG_INFO = INCLUDE_SOURCE;
				MTL_FAST_MATH = YES;
				ONLY_ACTIVE_ARCH = YES;
				SDKROOT = iphoneos;
				SWIFT_ACTIVE_COMPILATION_CONDITIONS = DEBUG;
				SWIFT_OPTIMIZATION_LEVEL = "-Onone";
			};
			name = Debug;
		};
		230EA8685F6713B4952BD491AFEE1707 /* Release */ = {
			isa = XCBuildConfiguration;
			baseConfigurationReference = D854EFA54466E006EE6E08CA /* Pods-BoletoUITests.release.xcconfig */;
			buildSettings = {
				ALWAYS_EMBED_SWIFT_STANDARD_LIBRARIES = YES;
				CODE_SIGN_STYLE = Automatic;
				DEVELOPMENT_TEAM = YS8PS8335D;
				INFOPLIST_FILE = BoletoUITests/Info.plist;
				LD_RUNPATH_SEARCH_PATHS = (
					"$(inherited)",
					"@executable_path/Frameworks",
					"@loader_path/Frameworks",
				);
				PRODUCT_BUNDLE_IDENTIFIER = ace.BoletoUITests;
				PRODUCT_NAME = "$(TARGET_NAME)";
				SWIFT_VERSION = 5.0;
				TARGETED_DEVICE_FAMILY = "1,2";
				TEST_TARGET_NAME = Boleto;
			};
			name = Release;
		};
		41648465704EF93AA2CC3ED3A755CC13 /* Release */ = {
			isa = XCBuildConfiguration;
			baseConfigurationReference = D76507F917B017BD5E73F98B /* Pods-Boleto.release.xcconfig */;
			buildSettings = {
				ASSETCATALOG_COMPILER_APPICON_NAME = AppIcon;
				CODE_SIGN_STYLE = Automatic;
				DEVELOPMENT_TEAM = YS8PS8335D;
				INFOPLIST_FILE = Boleto/Info.plist;
				IPHONEOS_DEPLOYMENT_TARGET = 11.0;
				LD_RUNPATH_SEARCH_PATHS = (
					"$(inherited)",
					"@executable_path/Frameworks",
				);
				PRODUCT_BUNDLE_IDENTIFIER = ace.Boleto;
				PRODUCT_NAME = "$(TARGET_NAME)";
				SWIFT_VERSION = 5.0;
				TARGETED_DEVICE_FAMILY = 1;
			};
			name = Release;
		};
		A9C536E99370033BDB24FDB4B718806A /* Release */ = {
			isa = XCBuildConfiguration;
			baseConfigurationReference = FF2C024A7D3699E25911D569 /* Pods-BoletoTests.release.xcconfig */;
			buildSettings = {
				ALWAYS_EMBED_SWIFT_STANDARD_LIBRARIES = YES;
				BUNDLE_LOADER = "$(TEST_HOST)";
				CODE_SIGN_STYLE = Automatic;
				DEVELOPMENT_TEAM = YS8PS8335D;
				INFOPLIST_FILE = BoletoTests/Info.plist;
				LD_RUNPATH_SEARCH_PATHS = (
					"$(inherited)",
					"@executable_path/Frameworks",
					"@loader_path/Frameworks",
				);
				PRODUCT_BUNDLE_IDENTIFIER = ace.BoletoTests;
				PRODUCT_NAME = "$(TARGET_NAME)";
				SWIFT_VERSION = 5.0;
				TARGETED_DEVICE_FAMILY = "1,2";
				TEST_HOST = "$(BUILT_PRODUCTS_DIR)/Boleto.app/Boleto";
			};
			name = Release;
		};
		AE457C08B2E89401B2FE8F29BA1ED535 /* Debug */ = {
			isa = XCBuildConfiguration;
			baseConfigurationReference = 4AE94967F11656A12DED8FF1 /* Pods-Boleto.debug.xcconfig */;
			buildSettings = {
				ASSETCATALOG_COMPILER_APPICON_NAME = AppIcon;
				CODE_SIGN_STYLE = Automatic;
				DEVELOPMENT_TEAM = YS8PS8335D;
				INFOPLIST_FILE = Boleto/Info.plist;
				IPHONEOS_DEPLOYMENT_TARGET = 11.0;
				LD_RUNPATH_SEARCH_PATHS = (
					"$(inherited)",
					"@executable_path/Frameworks",
				);
				PRODUCT_BUNDLE_IDENTIFIER = ace.Boleto;
				PRODUCT_NAME = "$(TARGET_NAME)";
				SWIFT_VERSION = 5.0;
				TARGETED_DEVICE_FAMILY = 1;
			};
			name = Debug;
		};
		B972D1BBBAB93DD6E6BBBEE349BF62C5 /* Release */ = {
			isa = XCBuildConfiguration;
			buildSettings = {
				ALWAYS_SEARCH_USER_PATHS = NO;
				CLANG_ANALYZER_NONNULL = YES;
				CLANG_ANALYZER_NUMBER_OBJECT_CONVERSION = YES_AGGRESSIVE;
				CLANG_CXX_LANGUAGE_STANDARD = "gnu++14";
				CLANG_CXX_LIBRARY = "libc++";
				CLANG_ENABLE_MODULES = YES;
				CLANG_ENABLE_OBJC_ARC = YES;
				CLANG_ENABLE_OBJC_WEAK = YES;
				CLANG_WARN_BLOCK_CAPTURE_AUTORELEASING = YES;
				CLANG_WARN_BOOL_CONVERSION = YES;
				CLANG_WARN_COMMA = YES;
				CLANG_WARN_CONSTANT_CONVERSION = YES;
				CLANG_WARN_DEPRECATED_OBJC_IMPLEMENTATIONS = YES;
				CLANG_WARN_DIRECT_OBJC_ISA_USAGE = YES_ERROR;
				CLANG_WARN_DOCUMENTATION_COMMENTS = YES;
				CLANG_WARN_EMPTY_BODY = YES;
				CLANG_WARN_ENUM_CONVERSION = YES;
				CLANG_WARN_INFINITE_RECURSION = YES;
				CLANG_WARN_INT_CONVERSION = YES;
				CLANG_WARN_NON_LITERAL_NULL_CONVERSION = YES;
				CLANG_WARN_OBJC_IMPLICIT_RETAIN_SELF = YES;
				CLANG_WARN_OBJC_LITERAL_CONVERSION = YES;
				CLANG_WARN_OBJC_ROOT_CLASS = YES_ERROR;
				CLANG_WARN_RANGE_LOOP_ANALYSIS = YES;
				CLANG_WARN_STRICT_PROTOTYPES = YES;
				CLANG_WARN_SUSPICIOUS_MOVE = YES;
				CLANG_WARN_UNGUARDED_AVAILABILITY = YES_AGGRESSIVE;
				CLANG_WARN_UNREACHABLE_CODE = YES;
				CLANG_WARN__DUPLICATE_METHOD_MATCH = YES;
				CODE_SIGN_IDENTITY = "iPhone Developer";
				COPY_PHASE_STRIP = NO;
				DEBUG_INFORMATION_FORMAT = "dwarf-with-dsym";
				ENABLE_NS_ASSERTIONS = NO;
				ENABLE_STRICT_OBJC_MSGSEND = YES;
				GCC_C_LANGUAGE_STANDARD = gnu11;
				GCC_NO_COMMON_BLOCKS = YES;
				GCC_WARN_64_TO_32_BIT_CONVERSION = YES;
				GCC_WARN_ABOUT_RETURN_TYPE = YES_ERROR;
				GCC_WARN_UNDECLARED_SELECTOR = YES;
				GCC_WARN_UNINITIALIZED_AUTOS = YES_AGGRESSIVE;
				GCC_WARN_UNUSED_FUNCTION = YES;
				GCC_WARN_UNUSED_VARIABLE = YES;
				IPHONEOS_DEPLOYMENT_TARGET = 12.4;
				MTL_ENABLE_DEBUG_INFO = NO;
				MTL_FAST_MATH = YES;
				SDKROOT = iphoneos;
				SWIFT_COMPILATION_MODE = wholemodule;
				SWIFT_OPTIMIZATION_LEVEL = "-O";
				VALIDATE_PRODUCT = YES;
			};
			name = Release;
		};
		BCC5CC836B2351DAA078CA4A34CFD375 /* Debug */ = {
			isa = XCBuildConfiguration;
			baseConfigurationReference = F9A3AD391E4AFC4FF2829A6B /* Pods-BoletoTests.debug.xcconfig */;
			buildSettings = {
				ALWAYS_EMBED_SWIFT_STANDARD_LIBRARIES = YES;
				BUNDLE_LOADER = "$(TEST_HOST)";
				CODE_SIGN_STYLE = Automatic;
				DEVELOPMENT_TEAM = YS8PS8335D;
				INFOPLIST_FILE = BoletoTests/Info.plist;
				LD_RUNPATH_SEARCH_PATHS = (
					"$(inherited)",
					"@executable_path/Frameworks",
					"@loader_path/Frameworks",
				);
				PRODUCT_BUNDLE_IDENTIFIER = ace.BoletoTests;
				PRODUCT_NAME = "$(TARGET_NAME)";
				SWIFT_VERSION = 5.0;
				TARGETED_DEVICE_FAMILY = "1,2";
				TEST_HOST = "$(BUILT_PRODUCTS_DIR)/Boleto.app/Boleto";
			};
			name = Debug;
		};
/* End XCBuildConfiguration section */

/* Begin XCConfigurationList section */
		2F25E24A27C00D2147C9F19877C432AE /* Build configuration list for PBXNativeTarget "Boleto" */ = {
			isa = XCConfigurationList;
			buildConfigurations = (
				AE457C08B2E89401B2FE8F29BA1ED535 /* Debug */,
				41648465704EF93AA2CC3ED3A755CC13 /* Release */,
			);
			defaultConfigurationIsVisible = 0;
			defaultConfigurationName = Release;
		};
		94F8AB1086361D7108017A12B9880CBA /* Build configuration list for PBXNativeTarget "BoletoTests" */ = {
			isa = XCConfigurationList;
			buildConfigurations = (
				BCC5CC836B2351DAA078CA4A34CFD375 /* Debug */,
				A9C536E99370033BDB24FDB4B718806A /* Release */,
			);
			defaultConfigurationIsVisible = 0;
			defaultConfigurationName = Release;
		};
		AAF4552641F1A1B618E5E649E15FB1CF /* Build configuration list for PBXProject "Boleto" */ = {
			isa = XCConfigurationList;
			buildConfigurations = (
				0525748586BFAC9F0E02FD2ABC68FD93 /* Debug */,
				B972D1BBBAB93DD6E6BBBEE349BF62C5 /* Release */,
			);
			defaultConfigurationIsVisible = 0;
			defaultConfigurationName = Release;
		};
		F5C9FC00CA2683F36DBB2F9983C93CE6 /* Build configuration list for PBXNativeTarget "BoletoUITests" */ = {
			isa = XCConfigurationList;
			buildConfigurations = (
				00D43B6C7ACFEA1261E88DE5E62AAC58 /* Debug */,
				230EA8685F6713B4952BD491AFEE1707 /* Release */,
			);
			defaultConfigurationIsVisible = 0;
			defaultConfigurationName = Release;
		};
/* End XCConfigurationList section */
	};
	rootObject = E45CB04D4A14BF5BCABCBB4955C8F9E5 /* Project object */;
}
